
Microsoft Visual Studio Solution File, Format Version 12.00
# Visual Studio Version 16
VisualStudioVersion = 16.0.31729.503
MinimumVisualStudioVersion = 10.0.40219.1
Project("{FAE04EC0-301F-11D3-BF4B-00C04F79EFBC}") = "PlateformeEnsaf", "PlateformeEnsaf\PlateformeEnsaf.csproj", "{27D2C69B-EEEF-4E40-9301-0989A1A33DE7}"
EndProject
Global
	GlobalSection(SolutionConfigurationPlatforms) = preSolution
		Debug|Any CPU = Debug|Any CPU
		Release|Any CPU = Release|Any CPU
	EndGlobalSection
	GlobalSection(ProjectConfigurationPlatforms) = postSolution
		{27D2C69B-EEEF-4E40-9301-0989A1A33DE7}.Debug|Any CPU.ActiveCfg = Debug|Any CPU
		{27D2C69B-EEEF-4E40-9301-0989A1A33DE7}.Debug|Any CPU.Build.0 = Debug|Any CPU
		{27D2C69B-EEEF-4E40-9301-0989A1A33DE7}.Release|Any CPU.ActiveCfg = Release|Any CPU
		{27D2C69B-EEEF-4E40-9301-0989A1A33DE7}.Release|Any CPU.Build.0 = Release|Any CPU
	EndGlobalSection
	GlobalSection(SolutionProperties) = preSolution
		HideSolutionNode = FALSE
	EndGlobalSection
	GlobalSection(ExtensibilityGlobals) = postSolution
		SolutionGuid = {4FC21F30-F6DC-42AF-9DE2-1208C4B90253}
	EndGlobalSection
EndGlobal
